// !$*UTF8*$!
{
	archiveVersion = 1;
	classes = {
	};
	objectVersion = 50;
	objects = {

/* Begin PBXBuildFile section */
		3C0B8A8524116C7600C98255 /* AppDelegate.swift in Sources */ = {isa = PBXBuildFile; fileRef = 3C0B8A8424116C7600C98255 /* AppDelegate.swift */; };
		3C0B8A8724116C7600C98255 /* SceneDelegate.swift in Sources */ = {isa = PBXBuildFile; fileRef = 3C0B8A8624116C7600C98255 /* SceneDelegate.swift */; };
		3C0B8A8924116C7600C98255 /* ContentView.swift in Sources */ = {isa = PBXBuildFile; fileRef = 3C0B8A8824116C7600C98255 /* ContentView.swift */; };
		3C0B8A8B24116C7700C98255 /* Assets.xcassets in Resources */ = {isa = PBXBuildFile; fileRef = 3C0B8A8A24116C7700C98255 /* Assets.xcassets */; };
		3C0B8A8E24116C7700C98255 /* Preview Assets.xcassets in Resources */ = {isa = PBXBuildFile; fileRef = 3C0B8A8D24116C7700C98255 /* Preview Assets.xcassets */; };
		3C0B8A9124116C7700C98255 /* LaunchScreen.storyboard in Resources */ = {isa = PBXBuildFile; fileRef = 3C0B8A8F24116C7700C98255 /* LaunchScreen.storyboard */; };
		3C0B8A9A2411703F00C98255 /* UserHorizontalSectionView.swift in Sources */ = {isa = PBXBuildFile; fileRef = 3C0B8A992411703F00C98255 /* UserHorizontalSectionView.swift */; };
		3C0B8A9C2411798400C98255 /* PostView.swift in Sources */ = {isa = PBXBuildFile; fileRef = 3C0B8A9B2411798400C98255 /* PostView.swift */; };
		3C0B8AA02411B75A00C98255 /* Post.swift in Sources */ = {isa = PBXBuildFile; fileRef = 3C0B8A9F2411B75A00C98255 /* Post.swift */; };
		3C0B8AA22411B76400C98255 /* Todo.swift in Sources */ = {isa = PBXBuildFile; fileRef = 3C0B8AA12411B76400C98255 /* Todo.swift */; };
		3C0B8AA42411B76F00C98255 /* HTTPError.swift in Sources */ = {isa = PBXBuildFile; fileRef = 3C0B8AA32411B76F00C98255 /* HTTPError.swift */; };
		3C0B8AA624120AF700C98255 /* NetworkLayer.swift in Sources */ = {isa = PBXBuildFile; fileRef = 3C0B8AA524120AF700C98255 /* NetworkLayer.swift */; };
		3C0B8AA824120CD300C98255 /* UserPostSectionView.swift in Sources */ = {isa = PBXBuildFile; fileRef = 3C0B8AA724120CD300C98255 /* UserPostSectionView.swift */; };
		3C0B8AAA24120EE900C98255 /* User.swift in Sources */ = {isa = PBXBuildFile; fileRef = 3C0B8AA924120EE900C98255 /* User.swift */; };
/* End PBXBuildFile section */

/* Begin PBXFileReference section */
		3C0B8A8124116C7600C98255 /* MVVMSwiftUI.app */ = {isa = PBXFileReference; explicitFileType = wrapper.application; includeInIndex = 0; path = MVVMSwiftUI.app; sourceTree = BUILT_PRODUCTS_DIR; };
		3C0B8A8424116C7600C98255 /* AppDelegate.swift */ = {isa = PBXFileReference; lastKnownFileType = sourcecode.swift; path = AppDelegate.swift; sourceTree = "<group>"; };
		3C0B8A8624116C7600C98255 /* SceneDelegate.swift */ = {isa = PBXFileReference; lastKnownFileType = sourcecode.swift; path = SceneDelegate.swift; sourceTree = "<group>"; };
		3C0B8A8824116C7600C98255 /* ContentView.swift */ = {isa = PBXFileReference; lastKnownFileType = sourcecode.swift; path = ContentView.swift; sourceTree = "<group>"; };
		3C0B8A8A24116C7700C98255 /* Assets.xcassets */ = {isa = PBXFileReference; lastKnownFileType = folder.assetcatalog; path = Assets.xcassets; sourceTree = "<group>"; };
		3C0B8A8D24116C7700C98255 /* Preview Assets.xcassets */ = {isa = PBXFileReference; lastKnownFileType = folder.assetcatalog; path = "Preview Assets.xcassets"; sourceTree = "<group>"; };
		3C0B8A9024116C7700C98255 /* Base */ = {isa = PBXFileReference; lastKnownFileType = file.storyboard; name = Base; path = Base.lproj/LaunchScreen.storyboard; sourceTree = "<group>"; };
		3C0B8A9224116C7700C98255 /* Info.plist */ = {isa = PBXFileReference; lastKnownFileType = text.plist.xml; path = Info.plist; sourceTree = "<group>"; };
		3C0B8A992411703F00C98255 /* UserHorizontalSectionView.swift */ = {isa = PBXFileReference; lastKnownFileType = sourcecode.swift; path = UserHorizontalSectionView.swift; sourceTree = "<group>"; };
		3C0B8A9B2411798400C98255 /* PostView.swift */ = {isa = PBXFileReference; lastKnownFileType = sourcecode.swift; path = PostView.swift; sourceTree = "<group>"; };
		3C0B8A9F2411B75A00C98255 /* Post.swift */ = {isa = PBXFileReference; lastKnownFileType = sourcecode.swift; path = Post.swift; sourceTree = "<group>"; };
		3C0B8AA12411B76400C98255 /* Todo.swift */ = {isa = PBXFileReference; lastKnownFileType = sourcecode.swift; path = Todo.swift; sourceTree = "<group>"; };
		3C0B8AA32411B76F00C98255 /* HTTPError.swift */ = {isa = PBXFileReference; lastKnownFileType = sourcecode.swift; path = HTTPError.swift; sourceTree = "<group>"; };
		3C0B8AA524120AF700C98255 /* NetworkLayer.swift */ = {isa = PBXFileReference; lastKnownFileType = sourcecode.swift; path = NetworkLayer.swift; sourceTree = "<group>"; };
		3C0B8AA724120CD300C98255 /* UserPostSectionView.swift */ = {isa = PBXFileReference; lastKnownFileType = sourcecode.swift; path = UserPostSectionView.swift; sourceTree = "<group>"; };
		3C0B8AA924120EE900C98255 /* User.swift */ = {isa = PBXFileReference; lastKnownFileType = sourcecode.swift; path = User.swift; sourceTree = "<group>"; };
/* End PBXFileReference section */

/* Begin PBXFrameworksBuildPhase section */
		3C0B8A7E24116C7600C98255 /* Frameworks */ = {
			isa = PBXFrameworksBuildPhase;
			buildActionMask = 2147483647;
			files = (
			);
			runOnlyForDeploymentPostprocessing = 0;
		};
/* End PBXFrameworksBuildPhase section */

/* Begin PBXGroup section */
		3C0B8A7824116C7600C98255 = {
			isa = PBXGroup;
			children = (
				3C0B8A8324116C7600C98255 /* MVVMSwiftUI */,
				3C0B8A8224116C7600C98255 /* Products */,
			);
			sourceTree = "<group>";
		};
		3C0B8A8224116C7600C98255 /* Products */ = {
			isa = PBXGroup;
			children = (
				3C0B8A8124116C7600C98255 /* MVVMSwiftUI.app */,
			);
			name = Products;
			sourceTree = "<group>";
		};
		3C0B8A8324116C7600C98255 /* MVVMSwiftUI */ = {
			isa = PBXGroup;
			children = (
				3C0B8A9E2411B73300C98255 /* Model */,
				3C0B8A9D241179C100C98255 /* Network */,
				3C0B8A982411702A00C98255 /* ViewModels */,
				3C0B8A8424116C7600C98255 /* AppDelegate.swift */,
				3C0B8A8624116C7600C98255 /* SceneDelegate.swift */,
				3C0B8A8824116C7600C98255 /* ContentView.swift */,
				3C0B8A8A24116C7700C98255 /* Assets.xcassets */,
				3C0B8A8F24116C7700C98255 /* LaunchScreen.storyboard */,
				3C0B8A9224116C7700C98255 /* Info.plist */,
				3C0B8A8C24116C7700C98255 /* Preview Content */,
			);
			path = MVVMSwiftUI;
			sourceTree = "<group>";
		};
		3C0B8A8C24116C7700C98255 /* Preview Content */ = {
			isa = PBXGroup;
			children = (
				3C0B8A8D24116C7700C98255 /* Preview Assets.xcassets */,
			);
			path = "Preview Content";
			sourceTree = "<group>";
		};
		3C0B8A982411702A00C98255 /* ViewModels */ = {
			isa = PBXGroup;
			children = (
				3C0B8A992411703F00C98255 /* UserHorizontalSectionView.swift */,
				3C0B8AA724120CD300C98255 /* UserPostSectionView.swift */,
				3C0B8A9B2411798400C98255 /* PostView.swift */,
			);
			path = ViewModels;
			sourceTree = "<group>";
		};
		3C0B8A9D241179C100C98255 /* Network */ = {
			isa = PBXGroup;
			children = (
				3C0B8AA524120AF700C98255 /* NetworkLayer.swift */,
			);
			path = Network;
			sourceTree = "<group>";
		};
		3C0B8A9E2411B73300C98255 /* Model */ = {
			isa = PBXGroup;
			children = (
				3C0B8A9F2411B75A00C98255 /* Post.swift */,
				3C0B8AA12411B76400C98255 /* Todo.swift */,
				3C0B8AA32411B76F00C98255 /* HTTPError.swift */,
				3C0B8AA924120EE900C98255 /* User.swift */,
			);
			path = Model;
			sourceTree = "<group>";
		};
/* End PBXGroup section */

/* Begin PBXNativeTarget section */
		3C0B8A8024116C7600C98255 /* MVVMSwiftUI */ = {
			isa = PBXNativeTarget;
			buildConfigurationList = 3C0B8A9524116C7700C98255 /* Build configuration list for PBXNativeTarget "MVVMSwiftUI" */;
			buildPhases = (
				3C0B8A7D24116C7600C98255 /* Sources */,
				3C0B8A7E24116C7600C98255 /* Frameworks */,
				3C0B8A7F24116C7600C98255 /* Resources */,
			);
			buildRules = (
			);
			dependencies = (
			);
			name = MVVMSwiftUI;
			productName = MVVMSwiftUI;
			productReference = 3C0B8A8124116C7600C98255 /* MVVMSwiftUI.app */;
			productType = "com.apple.product-type.application";
		};
/* End PBXNativeTarget section */

/* Begin PBXProject section */
		3C0B8A7924116C7600C98255 /* Project object */ = {
			isa = PBXProject;
			attributes = {
				LastSwiftUpdateCheck = 1130;
				LastUpgradeCheck = 1130;
				ORGANIZATIONNAME = "Hasan, MdAdit";
				TargetAttributes = {
					3C0B8A8024116C7600C98255 = {
						CreatedOnToolsVersion = 11.3.1;
					};
				};
			};
			buildConfigurationList = 3C0B8A7C24116C7600C98255 /* Build configuration list for PBXProject "MVVMSwiftUI" */;
			compatibilityVersion = "Xcode 9.3";
			developmentRegion = en;
			hasScannedForEncodings = 0;
			knownRegions = (
				en,
				Base,
			);
			mainGroup = 3C0B8A7824116C7600C98255;
			productRefGroup = 3C0B8A8224116C7600C98255 /* Products */;
			projectDirPath = "";
			projectRoot = "";
			targets = (
				3C0B8A8024116C7600C98255 /* MVVMSwiftUI */,
			);
		};
/* End PBXProject section */

/* Begin PBXResourcesBuildPhase section */
		3C0B8A7F24116C7600C98255 /* Resources */ = {
			isa = PBXResourcesBuildPhase;
			buildActionMask = 2147483647;
			files = (
				3C0B8A9124116C7700C98255 /* LaunchScreen.storyboard in Resources */,
				3C0B8A8E24116C7700C98255 /* Preview Assets.xcassets in Resources */,
				3C0B8A8B24116C7700C98255 /* Assets.xcassets in Resources */,
			);
			runOnlyForDeploymentPostprocessing = 0;
		};
/* End PBXResourcesBuildPhase section */

/* Begin PBXSourcesBuildPhase section */
		3C0B8A7D24116C7600C98255 /* Sources */ = {
			isa = PBXSourcesBuildPhase;
			buildActionMask = 2147483647;
			files = (
				3C0B8AA624120AF700C98255 /* NetworkLayer.swift in Sources */,
				3C0B8AA22411B76400C98255 /* Todo.swift in Sources */,
				3C0B8A8524116C7600C98255 /* AppDelegate.swift in Sources */,
				3C0B8A8724116C7600C98255 /* SceneDelegate.swift in Sources */,
				3C0B8A8924116C7600C98255 /* ContentView.swift in Sources */,
				3C0B8AA42411B76F00C98255 /* HTTPError.swift in Sources */,
				3C0B8AA02411B75A00C98255 /* Post.swift in Sources */,
				3C0B8AA824120CD300C98255 /* UserPostSectionView.swift in Sources */,
				3C0B8A9C2411798400C98255 /* PostView.swift in Sources */,
				3C0B8A9A2411703F00C98255 /* UserHorizontalSectionView.swift in Sources */,
				3C0B8AAA24120EE900C98255 /* User.swift in Sources */,
			);
			runOnlyForDeploymentPostprocessing = 0;
		};
/* End PBXSourcesBuildPhase section */

/* Begin PBXVariantGroup section */
		3C0B8A8F24116C7700C98255 /* LaunchScreen.storyboard */ = {
			isa = PBXVariantGroup;
			children = (
				3C0B8A9024116C7700C98255 /* Base */,
			);
			name = LaunchScreen.storyboard;
			sourceTree = "<group>";
		};
/* End PBXVariantGroup section */

/* Begin XCBuildConfiguration section */
		3C0B8A9324116C7700C98255 /* Debug */ = {
			isa = XCBuildConfiguration;
			buildSettings = {
				ALWAYS_SEARCH_USER_PATHS = NO;
				CLANG_ANALYZER_NONNULL = YES;
				CLANG_ANALYZER_NUMBER_OBJECT_CONVERSION = YES_AGGRESSIVE;
				CLANG_CXX_LANGUAGE_STANDARD = "gnu++14";
				CLANG_CXX_LIBRARY = "libc++";
				CLANG_ENABLE_MODULES = YES;
				CLANG_ENABLE_OBJC_ARC = YES;
				CLANG_ENABLE_OBJC_WEAK = YES;
				CLANG_WARN_BLOCK_CAPTURE_AUTORELEASING = YES;
				CLANG_WARN_BOOL_CONVERSION = YES;
				CLANG_WARN_COMMA = YES;
				CLANG_WARN_CONSTANT_CONVERSION = YES;
				CLANG_WARN_DEPRECATED_OBJC_IMPLEMENTATIONS = YES;
				CLANG_WARN_DIRECT_OBJC_ISA_USAGE = YES_ERROR;
				CLANG_WARN_DOCUMENTATION_COMMENTS = YES;
				CLANG_WARN_EMPTY_BODY = YES;
				CLANG_WARN_ENUM_CONVERSION = YES;
				CLANG_WARN_INFINITE_RECURSION = YES;
				CLANG_WARN_INT_CONVERSION = YES;
				CLANG_WARN_NON_LITERAL_NULL_CONVERSION = YES;
				CLANG_WARN_OBJC_IMPLICIT_RETAIN_SELF = YES;
				CLANG_WARN_OBJC_LITERAL_CONVERSION = YES;
				CLANG_WARN_OBJC_ROOT_CLASS = YES_ERROR;
				CLANG_WARN_RANGE_LOOP_ANALYSIS = YES;
				CLANG_WARN_STRICT_PROTOTYPES = YES;
				CLANG_WARN_SUSPICIOUS_MOVE = YES;
				CLANG_WARN_UNGUARDED_AVAILABILITY = YES_AGGRESSIVE;
				CLANG_WARN_UNREACHABLE_CODE = YES;
				CLANG_WARN__DUPLICATE_METHOD_MATCH = YES;
				COPY_PHASE_STRIP = NO;
				DEBUG_INFORMATION_FORMAT = dwarf;
				ENABLE_STRICT_OBJC_MSGSEND = YES;
				ENABLE_TESTABILITY = YES;
				GCC_C_LANGUAGE_STANDARD = gnu11;
				GCC_DYNAMIC_NO_PIC = NO;
				GCC_NO_COMMON_BLOCKS = YES;
				GCC_OPTIMIZATION_LEVEL = 0;
				GCC_PREPROCESSOR_DEFINITIONS = (
					"DEBUG=1",
					"$(inherited)",
				);
				GCC_WARN_64_TO_32_BIT_CONVERSION = YES;
				GCC_WARN_ABOUT_RETURN_TYPE = YES_ERROR;
				GCC_WARN_UNDECLARED_SELECTOR = YES;
				GCC_WARN_UNINITIALIZED_AUTOS = YES_AGGRESSIVE;
				GCC_WARN_UNUSED_FUNCTION = YES;
				GCC_WARN_UNUSED_VARIABLE = YES;
				IPHONEOS_DEPLOYMENT_TARGET = 13.2;
				MTL_ENABLE_DEBUG_INFO = INCLUDE_SOURCE;
				MTL_FAST_MATH = YES;
				ONLY_ACTIVE_ARCH = YES;
				SDKROOT = iphoneos;
				SWIFT_ACTIVE_COMPILATION_CONDITIONS = DEBUG;
				SWIFT_OPTIMIZATION_LEVEL = "-Onone";
			};
			name = Debug;
		};
		3C0B8A9424116C7700C98255 /* Release */ = {
			isa = XCBuildConfiguration;
			buildSettings = {
				ALWAYS_SEARCH_USER_PATHS = NO;
				CLANG_ANALYZER_NONNULL = YES;
				CLANG_ANALYZER_NUMBER_OBJECT_CONVERSION = YES_AGGRESSIVE;
				CLANG_CXX_LANGUAGE_STANDARD = "gnu++14";
				CLANG_CXX_LIBRARY = "libc++";
				CLANG_ENABLE_MODULES = YES;
				CLANG_ENABLE_OBJC_ARC = YES;
				CLANG_ENABLE_OBJC_WEAK = YES;
				CLANG_WARN_BLOCK_CAPTURE_AUTORELEASING = YES;
				CLANG_WARN_BOOL_CONVERSION = YES;
				CLANG_WARN_COMMA = YES;
				CLANG_WARN_CONSTANT_CONVERSION = YES;
				CLANG_WARN_DEPRECATED_OBJC_IMPLEMENTATIONS = YES;
				CLANG_WARN_DIRECT_OBJC_ISA_USAGE = YES_ERROR;
				CLANG_WARN_DOCUMENTATION_COMMENTS = YES;
				CLANG_WARN_EMPTY_BODY = YES;
				CLANG_WARN_ENUM_CONVERSION = YES;
				CLANG_WARN_INFINITE_RECURSION = YES;
				CLANG_WARN_INT_CONVERSION = YES;
				CLANG_WARN_NON_LITERAL_NULL_CONVERSION = YES;
				CLANG_WARN_OBJC_IMPLICIT_RETAIN_SELF = YES;
				CLANG_WARN_OBJC_LITERAL_CONVERSION = YES;
				CLANG_WARN_OBJC_ROOT_CLASS = YES_ERROR;
				CLANG_WARN_RANGE_LOOP_ANALYSIS = YES;
				CLANG_WARN_STRICT_PROTOTYPES = YES;
				CLANG_WARN_SUSPICIOUS_MOVE = YES;
				CLANG_WARN_UNGUARDED_AVAILABILITY = YES_AGGRESSIVE;
				CLANG_WARN_UNREACHABLE_CODE = YES;
				CLANG_WARN__DUPLICATE_METHOD_MATCH = YES;
				COPY_PHASE_STRIP = NO;
				DEBUG_INFORMATION_FORMAT = "dwarf-with-dsym";
				ENABLE_NS_ASSERTIONS = NO;
				ENABLE_STRICT_OBJC_MSGSEND = YES;
				GCC_C_LANGUAGE_STANDARD = gnu11;
				GCC_NO_COMMON_BLOCKS = YES;
				GCC_WARN_64_TO_32_BIT_CONVERSION = YES;
				GCC_WARN_ABOUT_RETURN_TYPE = YES_ERROR;
				GCC_WARN_UNDECLARED_SELECTOR = YES;
				GCC_WARN_UNINITIALIZED_AUTOS = YES_AGGRESSIVE;
				GCC_WARN_UNUSED_FUNCTION = YES;
				GCC_WARN_UNUSED_VARIABLE = YES;
				IPHONEOS_DEPLOYMENT_TARGET = 13.2;
				MTL_ENABLE_DEBUG_INFO = NO;
				MTL_FAST_MATH = YES;
				SDKROOT = iphoneos;
				SWIFT_COMPILATION_MODE = wholemodule;
				SWIFT_OPTIMIZATION_LEVEL = "-O";
				VALIDATE_PRODUCT = YES;
			};
			name = Release;
		};
		3C0B8A9624116C7700C98255 /* Debug */ = {
			isa = XCBuildConfiguration;
			buildSettings = {
				ASSETCATALOG_COMPILER_APPICON_NAME = AppIcon;
				CODE_SIGN_IDENTITY = "Apple Development";
				CODE_SIGN_STYLE = Automatic;
				DEVELOPMENT_ASSET_PATHS = "\"MVVMSwiftUI/Preview Content\"";
				DEVELOPMENT_TEAM = 3TGTAVP2LG;
				ENABLE_PREVIEWS = YES;
				INFOPLIST_FILE = MVVMSwiftUI/Info.plist;
				LD_RUNPATH_SEARCH_PATHS = (
					"$(inherited)",
					"@executable_path/Frameworks",
				);
				PRODUCT_BUNDLE_IDENTIFIER = com.dev.develop.MVVMSwiftUI;
				PRODUCT_NAME = "$(TARGET_NAME)";
				PROVISIONING_PROFILE_SPECIFIER = "";
				SWIFT_VERSION = 5.0;
				TARGETED_DEVICE_FAMILY = "1,2";
			};
			name = Debug;
		};
		3C0B8A9724116C7700C98255 /* Release */ = {
			isa = XCBuildConfiguration;
			buildSettings = {
				ASSETCATALOG_COMPILER_APPICON_NAME = AppIcon;
				CODE_SIGN_IDENTITY = "Apple Development";
				CODE_SIGN_STYLE = Automatic;
				DEVELOPMENT_ASSET_PATHS = "\"MVVMSwiftUI/Preview Content\"";
				DEVELOPMENT_TEAM = 3TGTAVP2LG;
				ENABLE_PREVIEWS = YES;
				INFOPLIST_FILE = MVVMSwiftUI/Info.plist;
				LD_RUNPATH_SEARCH_PATHS = (
					"$(inherited)",
					"@executable_path/Frameworks",
				);
				PRODUCT_BUNDLE_IDENTIFIER = com.dev.develop.MVVMSwiftUI;
				PRODUCT_NAME = "$(TARGET_NAME)";
				PROVISIONING_PROFILE_SPECIFIER = "";
				SWIFT_VERSION = 5.0;
				TARGETED_DEVICE_FAMILY = "1,2";
			};
			name = Release;
		};
/* End XCBuildConfiguration section */

/* Begin XCConfigurationList section */
		3C0B8A7C24116C7600C98255 /* Build configuration list for PBXProject "MVVMSwiftUI" */ = {
			isa = XCConfigurationList;
			buildConfigurations = (
				3C0B8A9324116C7700C98255 /* Debug */,
				3C0B8A9424116C7700C98255 /* Release */,
			);
			defaultConfigurationIsVisible = 0;
			defaultConfigurationName = Release;
		};
		3C0B8A9524116C7700C98255 /* Build configuration list for PBXNativeTarget "MVVMSwiftUI" */ = {
			isa = XCConfigurationList;
			buildConfigurations = (
				3C0B8A9624116C7700C98255 /* Debug */,
				3C0B8A9724116C7700C98255 /* Release */,
			);
			defaultConfigurationIsVisible = 0;
			defaultConfigurationName = Release;
		};
/* End XCConfigurationList section */
	};
	rootObject = 3C0B8A7924116C7600C98255 /* Project object */;
}
